
Microsoft Visual Studio Solution File, Format Version 12.00
# Visual Studio Version 17
VisualStudioVersion = 17.9.34902.65
MinimumVisualStudioVersion = 10.0.40219.1
Project("{FAE04EC0-301F-11D3-BF4B-00C04F79EFBC}") = "Core", "Core\Core.csproj", "{936D7D1A-BFDB-4A30-95E1-1AC027321CFA}"
EndProject
Project("{FAE04EC0-301F-11D3-BF4B-00C04F79EFBC}") = "Data", "Data\Data.csproj", "{0AD75E86-F2B1-4E6A-BA6F-8C0FB2EEC146}"
EndProject
Project("{FAE04EC0-301F-11D3-BF4B-00C04F79EFBC}") = "Application", "Application\Application.csproj", "{2327BF57-9884-44A2-B408-CE89A1FDCB63}"
EndProject
Project("{FAE04EC0-301F-11D3-BF4B-00C04F79EFBC}") = "Presentation", "Presentation\Presentation.csproj", "{4EECA8DC-373E-4BA6-B681-3DC8CB8A1CEA}"
EndProject
Global
	GlobalSection(SolutionConfigurationPlatforms) = preSolution
		Debug|Any CPU = Debug|Any CPU
		Release|Any CPU = Release|Any CPU
	EndGlobalSection
	GlobalSection(ProjectConfigurationPlatforms) = postSolution
		{936D7D1A-BFDB-4A30-95E1-1AC027321CFA}.Debug|Any CPU.ActiveCfg = Debug|Any CPU
		{936D7D1A-BFDB-4A30-95E1-1AC027321CFA}.Debug|Any CPU.Build.0 = Debug|Any CPU
		{936D7D1A-BFDB-4A30-95E1-1AC027321CFA}.Release|Any CPU.ActiveCfg = Release|Any CPU
		{936D7D1A-BFDB-4A30-95E1-1AC027321CFA}.Release|Any CPU.Build.0 = Release|Any CPU
		{0AD75E86-F2B1-4E6A-BA6F-8C0FB2EEC146}.Debug|Any CPU.ActiveCfg = Debug|Any CPU
		{0AD75E86-F2B1-4E6A-BA6F-8C0FB2EEC146}.Debug|Any CPU.Build.0 = Debug|Any CPU
		{0AD75E86-F2B1-4E6A-BA6F-8C0FB2EEC146}.Release|Any CPU.ActiveCfg = Release|Any CPU
		{0AD75E86-F2B1-4E6A-BA6F-8C0FB2EEC146}.Release|Any CPU.Build.0 = Release|Any CPU
		{2327BF57-9884-44A2-B408-CE89A1FDCB63}.Debug|Any CPU.ActiveCfg = Debug|Any CPU
		{2327BF57-9884-44A2-B408-CE89A1FDCB63}.Debug|Any CPU.Build.0 = Debug|Any CPU
		{2327BF57-9884-44A2-B408-CE89A1FDCB63}.Release|Any CPU.ActiveCfg = Release|Any CPU
		{2327BF57-9884-44A2-B408-CE89A1FDCB63}.Release|Any CPU.Build.0 = Release|Any CPU
		{4EECA8DC-373E-4BA6-B681-3DC8CB8A1CEA}.Debug|Any CPU.ActiveCfg = Debug|Any CPU
		{4EECA8DC-373E-4BA6-B681-3DC8CB8A1CEA}.Debug|Any CPU.Build.0 = Debug|Any CPU
		{4EECA8DC-373E-4BA6-B681-3DC8CB8A1CEA}.Release|Any CPU.ActiveCfg = Release|Any CPU
		{4EECA8DC-373E-4BA6-B681-3DC8CB8A1CEA}.Release|Any CPU.Build.0 = Release|Any CPU
	EndGlobalSection
	GlobalSection(SolutionProperties) = preSolution
		HideSolutionNode = FALSE
	EndGlobalSection
	GlobalSection(ExtensibilityGlobals) = postSolution
		SolutionGuid = {38F7923D-4557-4EB9-92D7-847F944DC5D8}
	EndGlobalSection
EndGlobal
